// !$*UTF8*$!
{
	archiveVersion = 1;
	classes = {
	};
	objectVersion = 46;
	objects = {

/* Begin PBXBuildFile section */
		79DDD81D1AD3CB7D0059730D /* main.swift in Sources */ = {isa = PBXBuildFile; fileRef = 79DDD81C1AD3CB7D0059730D /* main.swift */; };
/* End PBXBuildFile section */

/* Begin PBXCopyFilesBuildPhase section */
		79DDD8171AD3CB7D0059730D /* CopyFiles */ = {
			isa = PBXCopyFilesBuildPhase;
			buildActionMask = 2147483647;
			dstPath = /usr/share/man/man1/;
			dstSubfolderSpec = 0;
			files = (
			);
			runOnlyForDeploymentPostprocessing = 1;
		};
/* End PBXCopyFilesBuildPhase section */

/* Begin PBXFileReference section */
		79DDD8191AD3CB7D0059730D /* L04Array */ = {isa = PBXFileReference; explicitFileType = "compiled.mach-o.executable"; includeInIndex = 0; path = L04Array; sourceTree = BUILT_PRODUCTS_DIR; };
		79DDD81C1AD3CB7D0059730D /* main.swift */ = {isa = PBXFileReference; lastKnownFileType = sourcecode.swift; path = main.swift; sourceTree = "<group>"; };
/* End PBXFileReference section */

/* Begin PBXFrameworksBuildPhase section */
		79DDD8161AD3CB7D0059730D /* Frameworks */ = {
			isa = PBXFrameworksBuildPhase;
			buildActionMask = 2147483647;
			files = (
			);
			runOnlyForDeploymentPostprocessing = 0;
		};
/* End PBXFrameworksBuildPhase section */

/* Begin PBXGroup section */
		79DDD8101AD3CB7D0059730D = {
			isa = PBXGroup;
			children = (
				79DDD81B1AD3CB7D0059730D /* L04Array */,
				79DDD81A1AD3CB7D0059730D /* Products */,
			);
			sourceTree = "<group>";
		};
		79DDD81A1AD3CB7D0059730D /* Products */ = {
			isa = PBXGroup;
			children = (
				79DDD8191AD3CB7D0059730D /* L04Array */,
			);
			name = Products;
			sourceTree = "<group>";
		};
		79DDD81B1AD3CB7D0059730D /* L04Array */ = {
			isa = PBXGroup;
			children = (
				79DDD81C1AD3CB7D0059730D /* main.swift */,
			);
			path = L04Array;
			sourceTree = "<group>";
		};
/* End PBXGroup section */

/* Begin PBXNativeTarget section */
		79DDD8181AD3CB7D0059730D /* L04Array */ = {
			isa = PBXNativeTarget;
			buildConfigurationList = 79DDD8201AD3CB7D0059730D /* Build configuration list for PBXNativeTarget "L04Array" */;
			buildPhases = (
				79DDD8151AD3CB7D0059730D /* Sources */,
				79DDD8161AD3CB7D0059730D /* Frameworks */,
				79DDD8171AD3CB7D0059730D /* CopyFiles */,
			);
			buildRules = (
			);
			dependencies = (
			);
			name = L04Array;
			productName = L04Array;
			productReference = 79DDD8191AD3CB7D0059730D /* L04Array */;
			productType = "com.apple.product-type.tool";
		};
/* End PBXNativeTarget section */

/* Begin PBXProject section */
		79DDD8111AD3CB7D0059730D /* Project object */ = {
			isa = PBXProject;
			attributes = {
				LastUpgradeCheck = 0620;
				ORGANIZATIONNAME = niustock;
				TargetAttributes = {
					79DDD8181AD3CB7D0059730D = {
						CreatedOnToolsVersion = 6.2;
					};
				};
			};
			buildConfigurationList = 79DDD8141AD3CB7D0059730D /* Build configuration list for PBXProject "L04Array" */;
			compatibilityVersion = "Xcode 3.2";
			developmentRegion = English;
			hasScannedForEncodings = 0;
			knownRegions = (
				en,
			);
			mainGroup = 79DDD8101AD3CB7D0059730D;
			productRefGroup = 79DDD81A1AD3CB7D0059730D /* Products */;
			projectDirPath = "";
			projectRoot = "";
			targets = (
				79DDD8181AD3CB7D0059730D /* L04Array */,
			);
		};
/* End PBXProject section */

/* Begin PBXSourcesBuildPhase section */
		79DDD8151AD3CB7D0059730D /* Sources */ = {
			isa = PBXSourcesBuildPhase;
			buildActionMask = 2147483647;
			files = (
				79DDD81D1AD3CB7D0059730D /* main.swift in Sources */,
			);
			runOnlyForDeploymentPostprocessing = 0;
		};
/* End PBXSourcesBuildPhase section */

/* Begin XCBuildConfiguration section */
		79DDD81E1AD3CB7D0059730D /* Debug */ = {
			isa = XCBuildConfiguration;
			buildSettings = {
				ALWAYS_SEARCH_USER_PATHS = NO;
				CLANG_CXX_LANGUAGE_STANDARD = "gnu++0x";
				CLANG_CXX_LIBRARY = "libc++";
				CLANG_ENABLE_MODULES = YES;
				CLANG_ENABLE_OBJC_ARC = YES;
				CLANG_WARN_BOOL_CONVERSION = YES;
				CLANG_WARN_CONSTANT_CONVERSION = YES;
				CLANG_WARN_DIRECT_OBJC_ISA_USAGE = YES_ERROR;
				CLANG_WARN_EMPTY_BODY = YES;
				CLANG_WARN_ENUM_CONVERSION = YES;
				CLANG_WARN_INT_CONVERSION = YES;
				CLANG_WARN_OBJC_ROOT_CLASS = YES_ERROR;
				CLANG_WARN_UNREACHABLE_CODE = YES;
				CLANG_WARN__DUPLICATE_METHOD_MATCH = YES;
				COPY_PHASE_STRIP = NO;
				ENABLE_STRICT_OBJC_MSGSEND = YES;
				GCC_C_LANGUAGE_STANDARD = gnu99;
				GCC_DYNAMIC_NO_PIC = NO;
				GCC_OPTIMIZATION_LEVEL = 0;
				GCC_PREPROCESSOR_DEFINITIONS = (
					"DEBUG=1",
					"$(inherited)",
				);
				GCC_SYMBOLS_PRIVATE_EXTERN = NO;
				GCC_WARN_64_TO_32_BIT_CONVERSION = YES;
				GCC_WARN_ABOUT_RETURN_TYPE = YES_ERROR;
				GCC_WARN_UNDECLARED_SELECTOR = YES;
				GCC_WARN_UNINITIALIZED_AUTOS = YES_AGGRESSIVE;
				GCC_WARN_UNUSED_FUNCTION = YES;
				GCC_WARN_UNUSED_VARIABLE = YES;
				MACOSX_DEPLOYMENT_TARGET = 10.10;
				MTL_ENABLE_DEBUG_INFO = YES;
				ONLY_ACTIVE_ARCH = YES;
				SDKROOT = macosx;
				SWIFT_OPTIMIZATION_LEVEL = "-Onone";
			};
			name = Debug;
		};
		79DDD81F1AD3CB7D0059730D /* Release */ = {
			isa = XCBuildConfiguration;
			buildSettings = {
				ALWAYS_SEARCH_USER_PATHS = NO;
				CLANG_CXX_LANGUAGE_STANDARD = "gnu++0x";
				CLANG_CXX_LIBRARY = "libc++";
				CLANG_ENABLE_MODULES = YES;
				CLANG_ENABLE_OBJC_ARC = YES;
				CLANG_WARN_BOOL_CONVERSION = YES;
				CLANG_WARN_CONSTANT_CONVERSION = YES;
				CLANG_WARN_DIRECT_OBJC_ISA_USAGE = YES_ERROR;
				CLANG_WARN_EMPTY_BODY = YES;
				CLANG_WARN_ENUM_CONVERSION = YES;
				CLANG_WARN_INT_CONVERSION = YES;
				CLANG_WARN_OBJC_ROOT_CLASS = YES_ERROR;
				CLANG_WARN_UNREACHABLE_CODE = YES;
				CLANG_WARN__DUPLICATE_METHOD_MATCH = YES;
				COPY_PHASE_STRIP = NO;
				DEBUG_INFORMATION_FORMAT = "dwarf-with-dsym";
				ENABLE_NS_ASSERTIONS = NO;
				ENABLE_STRICT_OBJC_MSGSEND = YES;
				GCC_C_LANGUAGE_STANDARD = gnu99;
				GCC_WARN_64_TO_32_BIT_CONVERSION = YES;
				GCC_WARN_ABOUT_RETURN_TYPE = YES_ERROR;
				GCC_WARN_UNDECLARED_SELECTOR = YES;
				GCC_WARN_UNINITIALIZED_AUTOS = YES_AGGRESSIVE;
				GCC_WARN_UNUSED_FUNCTION = YES;
				GCC_WARN_UNUSED_VARIABLE = YES;
				MACOSX_DEPLOYMENT_TARGET = 10.10;
				MTL_ENABLE_DEBUG_INFO = NO;
				SDKROOT = macosx;
			};
			name = Release;
		};
		79DDD8211AD3CB7D0059730D /* Debug */ = {
			isa = XCBuildConfiguration;
			buildSettings = {
				PRODUCT_NAME = "$(TARGET_NAME)";
			};
			name = Debug;
		};
		79DDD8221AD3CB7D0059730D /* Release */ = {
			isa = XCBuildConfiguration;
			buildSettings = {
				PRODUCT_NAME = "$(TARGET_NAME)";
			};
			name = Release;
		};
/* End XCBuildConfiguration section */

/* Begin XCConfigurationList section */
		79DDD8141AD3CB7D0059730D /* Build configuration list for PBXProject "L04Array" */ = {
			isa = XCConfigurationList;
			buildConfigurations = (
				79DDD81E1AD3CB7D0059730D /* Debug */,
				79DDD81F1AD3CB7D0059730D /* Release */,
			);
			defaultConfigurationIsVisible = 0;
			defaultConfigurationName = Release;
		};
		79DDD8201AD3CB7D0059730D /* Build configuration list for PBXNativeTarget "L04Array" */ = {
			isa = XCConfigurationList;
			buildConfigurations = (
				79DDD8211AD3CB7D0059730D /* Debug */,
				79DDD8221AD3CB7D0059730D /* Release */,
			);
			defaultConfigurationIsVisible = 0;
		};
/* End XCConfigurationList section */
	};
	rootObject = 79DDD8111AD3CB7D0059730D /* Project object */;
}
